
Microsoft Visual Studio Solution File, Format Version 12.00
# Visual Studio Version 17
VisualStudioVersion = 17.13.35931.197 d17.13
MinimumVisualStudioVersion = 10.0.40219.1
Project("{FAE04EC0-301F-11D3-BF4B-00C04F79EFBC}") = "ElectronicsStore.WebUI", "ElectronicsStore.WebUI.csproj", "{9DBAD453-F76B-4156-AEA7-3C760F73E210}"
EndProject
Project("{FAE04EC0-301F-11D3-BF4B-00C04F79EFBC}") = "ElectronicsStore.Domain", "..\ElectronicsStore.Domain\ElectronicsStore.Domain.csproj", "{C78404FE-45B3-427B-989D-74249380AAEC}"
EndProject
Global
	GlobalSection(SolutionConfigurationPlatforms) = preSolution
		Debug|Any CPU = Debug|Any CPU
		Release|Any CPU = Release|Any CPU
	EndGlobalSection
	GlobalSection(ProjectConfigurationPlatforms) = postSolution
		{9DBAD453-F76B-4156-AEA7-3C760F73E210}.Debug|Any CPU.ActiveCfg = Debug|Any CPU
		{9DBAD453-F76B-4156-AEA7-3C760F73E210}.Debug|Any CPU.Build.0 = Debug|Any CPU
		{9DBAD453-F76B-4156-AEA7-3C760F73E210}.Release|Any CPU.ActiveCfg = Release|Any CPU
		{9DBAD453-F76B-4156-AEA7-3C760F73E210}.Release|Any CPU.Build.0 = Release|Any CPU
		{C78404FE-45B3-427B-989D-74249380AAEC}.Debug|Any CPU.ActiveCfg = Debug|Any CPU
		{C78404FE-45B3-427B-989D-74249380AAEC}.Debug|Any CPU.Build.0 = Debug|Any CPU
		{C78404FE-45B3-427B-989D-74249380AAEC}.Release|Any CPU.ActiveCfg = Release|Any CPU
		{C78404FE-45B3-427B-989D-74249380AAEC}.Release|Any CPU.Build.0 = Release|Any CPU
	EndGlobalSection
	GlobalSection(SolutionProperties) = preSolution
		HideSolutionNode = FALSE
	EndGlobalSection
	GlobalSection(ExtensibilityGlobals) = postSolution
		SolutionGuid = {3E8A9957-5611-47FE-A896-AE51C21A4DB6}
	EndGlobalSection
EndGlobal
